
Microsoft Visual Studio Solution File, Format Version 12.00
# Visual Studio Version 17
VisualStudioVersion = 17.3.32819.101
MinimumVisualStudioVersion = 10.0.40219.1
Project("{FAE04EC0-301F-11D3-BF4B-00C04F79EFBC}") = "SalesboyNigeria", "SalesboyNigeria\SalesboyNigeria.csproj", "{7A54FC40-8951-4562-B61A-D12D7964679D}"
EndProject
Project("{FAE04EC0-301F-11D3-BF4B-00C04F79EFBC}") = "SalesboyLogistics", "SalesboyLogistics\SalesboyLogistics.csproj", "{CDACB619-E0C4-4C31-BD87-B2B1535D3985}"
EndProject
Project("{FAE04EC0-301F-11D3-BF4B-00C04F79EFBC}") = "SalesboyServiceProviders", "SalesboyServiceProviders\SalesboyServiceProviders.csproj", "{29D374A1-0EBB-4154-8D3D-9FE43E001814}"
EndProject
Project("{FAE04EC0-301F-11D3-BF4B-00C04F79EFBC}") = "SalesboyVendors", "SalesboyVendors\SalesboyVendors.csproj", "{E605216D-CDB6-43F4-997B-DE035B638282}"
EndProject
Project("{FAE04EC0-301F-11D3-BF4B-00C04F79EFBC}") = "SalesboyMobile", "SalesboyMobile\SalesboyMobile.csproj", "{CA7B167D-E65D-4D89-AF01-40141BDE359B}"
EndProject
Global
	GlobalSection(SolutionConfigurationPlatforms) = preSolution
		Debug|Any CPU = Debug|Any CPU
		Release|Any CPU = Release|Any CPU
	EndGlobalSection
	GlobalSection(ProjectConfigurationPlatforms) = postSolution
		{7A54FC40-8951-4562-B61A-D12D7964679D}.Debug|Any CPU.ActiveCfg = Debug|Any CPU
		{7A54FC40-8951-4562-B61A-D12D7964679D}.Debug|Any CPU.Build.0 = Debug|Any CPU
		{7A54FC40-8951-4562-B61A-D12D7964679D}.Release|Any CPU.ActiveCfg = Release|Any CPU
		{7A54FC40-8951-4562-B61A-D12D7964679D}.Release|Any CPU.Build.0 = Release|Any CPU
		{CDACB619-E0C4-4C31-BD87-B2B1535D3985}.Debug|Any CPU.ActiveCfg = Debug|Any CPU
		{CDACB619-E0C4-4C31-BD87-B2B1535D3985}.Debug|Any CPU.Build.0 = Debug|Any CPU
		{CDACB619-E0C4-4C31-BD87-B2B1535D3985}.Release|Any CPU.ActiveCfg = Release|Any CPU
		{CDACB619-E0C4-4C31-BD87-B2B1535D3985}.Release|Any CPU.Build.0 = Release|Any CPU
		{29D374A1-0EBB-4154-8D3D-9FE43E001814}.Debug|Any CPU.ActiveCfg = Debug|Any CPU
		{29D374A1-0EBB-4154-8D3D-9FE43E001814}.Debug|Any CPU.Build.0 = Debug|Any CPU
		{29D374A1-0EBB-4154-8D3D-9FE43E001814}.Release|Any CPU.ActiveCfg = Release|Any CPU
		{29D374A1-0EBB-4154-8D3D-9FE43E001814}.Release|Any CPU.Build.0 = Release|Any CPU
		{E605216D-CDB6-43F4-997B-DE035B638282}.Debug|Any CPU.ActiveCfg = Debug|Any CPU
		{E605216D-CDB6-43F4-997B-DE035B638282}.Debug|Any CPU.Build.0 = Debug|Any CPU
		{E605216D-CDB6-43F4-997B-DE035B638282}.Release|Any CPU.ActiveCfg = Release|Any CPU
		{E605216D-CDB6-43F4-997B-DE035B638282}.Release|Any CPU.Build.0 = Release|Any CPU
		{CA7B167D-E65D-4D89-AF01-40141BDE359B}.Debug|Any CPU.ActiveCfg = Debug|Any CPU
		{CA7B167D-E65D-4D89-AF01-40141BDE359B}.Debug|Any CPU.Build.0 = Debug|Any CPU
		{CA7B167D-E65D-4D89-AF01-40141BDE359B}.Release|Any CPU.ActiveCfg = Release|Any CPU
		{CA7B167D-E65D-4D89-AF01-40141BDE359B}.Release|Any CPU.Build.0 = Release|Any CPU
	EndGlobalSection
	GlobalSection(SolutionProperties) = preSolution
		HideSolutionNode = FALSE
	EndGlobalSection
	GlobalSection(ExtensibilityGlobals) = postSolution
		SolutionGuid = {DA016ACE-2800-4FD1-9AF1-B01A2211474B}
	EndGlobalSection
EndGlobal
